
Microsoft Visual Studio Solution File, Format Version 12.00
# Visual Studio Version 17
VisualStudioVersion = 17.4.33122.133
MinimumVisualStudioVersion = 10.0.40219.1
Project("{FAE04EC0-301F-11D3-BF4B-00C04F79EFBC}") = "Teht9", "Teht9.csproj", "{4AE65114-40B0-4523-8F8C-A4785EAA5EFA}"
EndProject
Global
	GlobalSection(SolutionConfigurationPlatforms) = preSolution
		Debug|Any CPU = Debug|Any CPU
		Release|Any CPU = Release|Any CPU
	EndGlobalSection
	GlobalSection(ProjectConfigurationPlatforms) = postSolution
		{4AE65114-40B0-4523-8F8C-A4785EAA5EFA}.Debug|Any CPU.ActiveCfg = Debug|Any CPU
		{4AE65114-40B0-4523-8F8C-A4785EAA5EFA}.Debug|Any CPU.Build.0 = Debug|Any CPU
		{4AE65114-40B0-4523-8F8C-A4785EAA5EFA}.Release|Any CPU.ActiveCfg = Release|Any CPU
		{4AE65114-40B0-4523-8F8C-A4785EAA5EFA}.Release|Any CPU.Build.0 = Release|Any CPU
	EndGlobalSection
	GlobalSection(SolutionProperties) = preSolution
		HideSolutionNode = FALSE
	EndGlobalSection
	GlobalSection(ExtensibilityGlobals) = postSolution
		SolutionGuid = {2F4A6775-0F5D-4D2A-8482-B7283C30FE16}
	EndGlobalSection
EndGlobal
