
Microsoft Visual Studio Solution File, Format Version 12.00
# Visual Studio Version 17
<<<<<<< HEAD
VisualStudioVersion = 17.3.32804.467
MinimumVisualStudioVersion = 10.0.40219.1
Project("{FAE04EC0-301F-11D3-BF4B-00C04F79EFBC}") = "Teht5", "Teht5\Teht5.csproj", "{C4DF5F97-0D4B-4F03-A79C-FAC1F2E79D9E}"
=======
VisualStudioVersion = 17.4.33122.133
MinimumVisualStudioVersion = 10.0.40219.1
Project("{FAE04EC0-301F-11D3-BF4B-00C04F79EFBC}") = "Teht5", "Teht5.csproj", "{40893216-CC9D-43F8-A4FD-FD5E89D97339}"
>>>>>>> 450069ecf5574b67713f4ee2158f82eb6f1ab1e2
EndProject
Global
	GlobalSection(SolutionConfigurationPlatforms) = preSolution
		Debug|Any CPU = Debug|Any CPU
		Release|Any CPU = Release|Any CPU
	EndGlobalSection
	GlobalSection(ProjectConfigurationPlatforms) = postSolution
<<<<<<< HEAD
		{C4DF5F97-0D4B-4F03-A79C-FAC1F2E79D9E}.Debug|Any CPU.ActiveCfg = Debug|Any CPU
		{C4DF5F97-0D4B-4F03-A79C-FAC1F2E79D9E}.Debug|Any CPU.Build.0 = Debug|Any CPU
		{C4DF5F97-0D4B-4F03-A79C-FAC1F2E79D9E}.Release|Any CPU.ActiveCfg = Release|Any CPU
		{C4DF5F97-0D4B-4F03-A79C-FAC1F2E79D9E}.Release|Any CPU.Build.0 = Release|Any CPU
=======
		{40893216-CC9D-43F8-A4FD-FD5E89D97339}.Debug|Any CPU.ActiveCfg = Debug|Any CPU
		{40893216-CC9D-43F8-A4FD-FD5E89D97339}.Debug|Any CPU.Build.0 = Debug|Any CPU
		{40893216-CC9D-43F8-A4FD-FD5E89D97339}.Release|Any CPU.ActiveCfg = Release|Any CPU
		{40893216-CC9D-43F8-A4FD-FD5E89D97339}.Release|Any CPU.Build.0 = Release|Any CPU
>>>>>>> 450069ecf5574b67713f4ee2158f82eb6f1ab1e2
	EndGlobalSection
	GlobalSection(SolutionProperties) = preSolution
		HideSolutionNode = FALSE
	EndGlobalSection
	GlobalSection(ExtensibilityGlobals) = postSolution
<<<<<<< HEAD
		SolutionGuid = {EF9F5176-1537-48AA-B691-ACFF5CB1622C}
=======
		SolutionGuid = {10FC76D4-0B9A-4E3C-A861-930F8F8C40F2}
>>>>>>> 450069ecf5574b67713f4ee2158f82eb6f1ab1e2
	EndGlobalSection
EndGlobal
