
Microsoft Visual Studio Solution File, Format Version 12.00
# Visual Studio Version 17
VisualStudioVersion = 17.5.33424.131
MinimumVisualStudioVersion = 10.0.40219.1
Project("{FAE04EC0-301F-11D3-BF4B-00C04F79EFBC}") = "PennutJaEmo", "PennutJaEmo.csproj", "{735EBDA3-2301-443C-8EB2-75DF57662809}"
EndProject
Global
	GlobalSection(SolutionConfigurationPlatforms) = preSolution
		Debug|Any CPU = Debug|Any CPU
		Release|Any CPU = Release|Any CPU
	EndGlobalSection
	GlobalSection(ProjectConfigurationPlatforms) = postSolution
		{735EBDA3-2301-443C-8EB2-75DF57662809}.Debug|Any CPU.ActiveCfg = Debug|Any CPU
		{735EBDA3-2301-443C-8EB2-75DF57662809}.Debug|Any CPU.Build.0 = Debug|Any CPU
		{735EBDA3-2301-443C-8EB2-75DF57662809}.Release|Any CPU.ActiveCfg = Release|Any CPU
		{735EBDA3-2301-443C-8EB2-75DF57662809}.Release|Any CPU.Build.0 = Release|Any CPU
	EndGlobalSection
	GlobalSection(SolutionProperties) = preSolution
		HideSolutionNode = FALSE
	EndGlobalSection
	GlobalSection(ExtensibilityGlobals) = postSolution
		SolutionGuid = {7C46705B-1E05-4E29-8326-0B788D7F63A8}
	EndGlobalSection
EndGlobal
