
Microsoft Visual Studio Solution File, Format Version 12.00
# Visual Studio Version 17
VisualStudioVersion = 17.4.33122.133
MinimumVisualStudioVersion = 10.0.40219.1
<<<<<<< HEAD
Project("{9A19103F-16F7-4668-BE54-9A1E7A4F7556}") = "Elaimet", "Elaimet.csproj", "{6B26F018-425E-4CA5-9F98-D4840494B543}"
=======
Project("{9A19103F-16F7-4668-BE54-9A1E7A4F7556}") = "Eläimet", "Eläimet.csproj", "{6B26F018-425E-4CA5-9F98-D4840494B543}"
>>>>>>> c76d2422d74d6205e047b56cb99873de86a87024
EndProject
Global
	GlobalSection(SolutionConfigurationPlatforms) = preSolution
		Debug|Any CPU = Debug|Any CPU
		Release|Any CPU = Release|Any CPU
	EndGlobalSection
	GlobalSection(ProjectConfigurationPlatforms) = postSolution
		{6B26F018-425E-4CA5-9F98-D4840494B543}.Debug|Any CPU.ActiveCfg = Debug|Any CPU
		{6B26F018-425E-4CA5-9F98-D4840494B543}.Debug|Any CPU.Build.0 = Debug|Any CPU
		{6B26F018-425E-4CA5-9F98-D4840494B543}.Release|Any CPU.ActiveCfg = Release|Any CPU
		{6B26F018-425E-4CA5-9F98-D4840494B543}.Release|Any CPU.Build.0 = Release|Any CPU
	EndGlobalSection
	GlobalSection(SolutionProperties) = preSolution
		HideSolutionNode = FALSE
	EndGlobalSection
	GlobalSection(ExtensibilityGlobals) = postSolution
		SolutionGuid = {D332491B-CF93-4244-BCC9-ACD06D6B10C4}
	EndGlobalSection
EndGlobal
