
Microsoft Visual Studio Solution File, Format Version 12.00
# Visual Studio Version 17
VisualStudioVersion = 17.4.33122.133
MinimumVisualStudioVersion = 10.0.40219.1
Project("{9A19103F-16F7-4668-BE54-9A1E7A4F7556}") = "Periytyminen", "Periytyminen.csproj", "{B770C0B4-77A0-44DB-83C2-5414D4496D3C}"
EndProject
Global
	GlobalSection(SolutionConfigurationPlatforms) = preSolution
		Debug|Any CPU = Debug|Any CPU
		Release|Any CPU = Release|Any CPU
	EndGlobalSection
	GlobalSection(ProjectConfigurationPlatforms) = postSolution
		{B770C0B4-77A0-44DB-83C2-5414D4496D3C}.Debug|Any CPU.ActiveCfg = Debug|Any CPU
		{B770C0B4-77A0-44DB-83C2-5414D4496D3C}.Debug|Any CPU.Build.0 = Debug|Any CPU
		{B770C0B4-77A0-44DB-83C2-5414D4496D3C}.Release|Any CPU.ActiveCfg = Release|Any CPU
		{B770C0B4-77A0-44DB-83C2-5414D4496D3C}.Release|Any CPU.Build.0 = Release|Any CPU
	EndGlobalSection
	GlobalSection(SolutionProperties) = preSolution
		HideSolutionNode = FALSE
	EndGlobalSection
	GlobalSection(ExtensibilityGlobals) = postSolution
		SolutionGuid = {48F8F4BB-CAC1-4192-8885-FA25BEF8E49F}
	EndGlobalSection
EndGlobal
